// !$*UTF8*$!
{
	archiveVersion = 1;
	classes = {
	};
	objectVersion = 42;
	objects = {

/* Begin PBXFileReference section */
		C18BA13B137322FA000CD828 /* splinemodel.cpp */ = {isa = PBXFileReference; fileEncoding = 4; lastKnownFileType = sourcecode.cpp.cpp; path = splinemodel.cpp; sourceTree = "<group>"; };
		C18BA13C137322FA000CD828 /* splinemodel.h */ = {isa = PBXFileReference; fileEncoding = 4; lastKnownFileType = sourcecode.c.h; path = splinemodel.h; sourceTree = "<group>"; };
		C18BA33D13747B69000CD828 /* splinedemo.cpp */ = {isa = PBXFileReference; fileEncoding = 4; lastKnownFileType = sourcecode.cpp.cpp; path = splinedemo.cpp; sourceTree = "<group>"; };
		C18BA36E137487E9000CD828 /* spline_model_matlab.cpp */ = {isa = PBXFileReference; fileEncoding = 4; lastKnownFileType = sourcecode.cpp.cpp; name = spline_model_matlab.cpp; path = matlab/spline_model_matlab.cpp; sourceTree = "<group>"; };
		C18BA36F137487E9000CD828 /* spline_model_matlab.h */ = {isa = PBXFileReference; fileEncoding = 4; lastKnownFileType = sourcecode.c.h; name = spline_model_matlab.h; path = matlab/spline_model_matlab.h; sourceTree = "<group>"; };
		C18BA370137487E9000CD828 /* splinepredict.cpp */ = {isa = PBXFileReference; fileEncoding = 4; lastKnownFileType = sourcecode.cpp.cpp; name = splinepredict.cpp; path = matlab/splinepredict.cpp; sourceTree = "<group>"; };
		C18BA371137487E9000CD828 /* splinetrain.cpp */ = {isa = PBXFileReference; fileEncoding = 4; lastKnownFileType = sourcecode.cpp.cpp; name = splinetrain.cpp; path = matlab/splinetrain.cpp; sourceTree = "<group>"; };
		C18BA37C1374DA8C000CD828 /* README */ = {isa = PBXFileReference; fileEncoding = 4; lastKnownFileType = text; path = README; sourceTree = "<group>"; };
		C18BA37D1374F3E3000CD828 /* splineencode.cpp */ = {isa = PBXFileReference; fileEncoding = 4; lastKnownFileType = sourcecode.cpp.cpp; name = splineencode.cpp; path = matlab/splineencode.cpp; sourceTree = "<group>"; };
/* End PBXFileReference section */

/* Begin PBXGroup section */
		C18BA11713732176000CD828 = {
			isa = PBXGroup;
			children = (
				C18BA37C1374DA8C000CD828 /* README */,
				C18BA37D1374F3E3000CD828 /* splineencode.cpp */,
				C18BA36E137487E9000CD828 /* spline_model_matlab.cpp */,
				C18BA36F137487E9000CD828 /* spline_model_matlab.h */,
				C18BA370137487E9000CD828 /* splinepredict.cpp */,
				C18BA371137487E9000CD828 /* splinetrain.cpp */,
				C18BA33D13747B69000CD828 /* splinedemo.cpp */,
				C18BA13B137322FA000CD828 /* splinemodel.cpp */,
				C18BA13C137322FA000CD828 /* splinemodel.h */,
			);
			sourceTree = "<group>";
		};
/* End PBXGroup section */

/* Begin PBXProject section */
		C18BA11913732176000CD828 /* Project object */ = {
			isa = PBXProject;
			buildConfigurationList = C18BA11C13732176000CD828 /* Build configuration list for PBXProject "libspline" */;
			compatibilityVersion = "Xcode 2.4";
			hasScannedForEncodings = 0;
			knownRegions = (
				English,
				Japanese,
				French,
				German,
			);
			mainGroup = C18BA11713732176000CD828;
			projectDirPath = "";
			projectRoot = "";
			targets = (
			);
		};
/* End PBXProject section */

/* Begin XCBuildConfiguration section */
		C18BA11A13732176000CD828 /* Debug */ = {
			isa = XCBuildConfiguration;
			buildSettings = {
				COPY_PHASE_STRIP = NO;
			};
			name = Debug;
		};
		C18BA11B13732176000CD828 /* Release */ = {
			isa = XCBuildConfiguration;
			buildSettings = {
				COPY_PHASE_STRIP = YES;
			};
			name = Release;
		};
/* End XCBuildConfiguration section */

/* Begin XCConfigurationList section */
		C18BA11C13732176000CD828 /* Build configuration list for PBXProject "libspline" */ = {
			isa = XCConfigurationList;
			buildConfigurations = (
				C18BA11A13732176000CD828 /* Debug */,
				C18BA11B13732176000CD828 /* Release */,
			);
			defaultConfigurationIsVisible = 0;
			defaultConfigurationName = Release;
		};
/* End XCConfigurationList section */
	};
	rootObject = C18BA11913732176000CD828 /* Project object */;
}
